// !$*UTF8*$!
{
	archiveVersion = 1;
	classes = {
	};
	objectVersion = 50;
	objects = {

/* Begin PBXBuildFile section */
		4B38C06523E459BA0084E8DE /* Follower.swift in Sources */ = {isa = PBXBuildFile; fileRef = 4B38C06423E459BA0084E8DE /* Follower.swift */; };
		4B38C06723E45AD40084E8DE /* User.swift in Sources */ = {isa = PBXBuildFile; fileRef = 4B38C06623E45AD40084E8DE /* User.swift */; };
		4B38C06B23E462330084E8DE /* NetworkManager.swift in Sources */ = {isa = PBXBuildFile; fileRef = 4B38C06A23E462330084E8DE /* NetworkManager.swift */; };
		4B38C06E23E46CDF0084E8DE /* GFError.swift in Sources */ = {isa = PBXBuildFile; fileRef = 4B38C06D23E46CDF0084E8DE /* GFError.swift */; };
		4B38C07123E473DC0084E8DE /* FollowerCollectionViewCell.swift in Sources */ = {isa = PBXBuildFile; fileRef = 4B38C07023E473DC0084E8DE /* FollowerCollectionViewCell.swift */; };
		4B38C07323E474C10084E8DE /* GFAvatarImageView.swift in Sources */ = {isa = PBXBuildFile; fileRef = 4B38C07223E474C10084E8DE /* GFAvatarImageView.swift */; };
		4B38C07523E499890084E8DE /* UIHelper.swift in Sources */ = {isa = PBXBuildFile; fileRef = 4B38C07423E499890084E8DE /* UIHelper.swift */; };
		4B38C07D23E574AD0084E8DE /* GFEmptyStateView.swift in Sources */ = {isa = PBXBuildFile; fileRef = 4B38C07C23E574AD0084E8DE /* GFEmptyStateView.swift */; };
		4B38C07F23E582210084E8DE /* UserInfoViewController.swift in Sources */ = {isa = PBXBuildFile; fileRef = 4B38C07E23E582210084E8DE /* UserInfoViewController.swift */; };
		4B38C08123E5ADF10084E8DE /* GFUserInfoHeaderViewController.swift in Sources */ = {isa = PBXBuildFile; fileRef = 4B38C08023E5ADF10084E8DE /* GFUserInfoHeaderViewController.swift */; };
		4B38C08323E5AE690084E8DE /* GFSecondaryTitleLabel.swift in Sources */ = {isa = PBXBuildFile; fileRef = 4B38C08223E5AE690084E8DE /* GFSecondaryTitleLabel.swift */; };
		4B38C08523E5B5970084E8DE /* Constants.swift in Sources */ = {isa = PBXBuildFile; fileRef = 4B38C08423E5B5970084E8DE /* Constants.swift */; };
		4BCC4F9B23E342A300623DDA /* SearchViewController.swift in Sources */ = {isa = PBXBuildFile; fileRef = 4BCC4F9A23E342A300623DDA /* SearchViewController.swift */; };
		4BCC4F9D23E3431C00623DDA /* FavoritesListViewController.swift in Sources */ = {isa = PBXBuildFile; fileRef = 4BCC4F9C23E3431C00623DDA /* FavoritesListViewController.swift */; };
		4BCC4F9F23E34B0000623DDA /* GFButton.swift in Sources */ = {isa = PBXBuildFile; fileRef = 4BCC4F9E23E34B0000623DDA /* GFButton.swift */; };
		4BCC4FA123E34E0400623DDA /* GFTextField.swift in Sources */ = {isa = PBXBuildFile; fileRef = 4BCC4FA023E34E0400623DDA /* GFTextField.swift */; };
		4BCC4FA323E41D5100623DDA /* FollowersListViewController.swift in Sources */ = {isa = PBXBuildFile; fileRef = 4BCC4FA223E41D5100623DDA /* FollowersListViewController.swift */; };
		4BCC4FA523E4246000623DDA /* GFTitleLabel.swift in Sources */ = {isa = PBXBuildFile; fileRef = 4BCC4FA423E4246000623DDA /* GFTitleLabel.swift */; };
		4BCC4FA723E43B3700623DDA /* GFBodyLabel.swift in Sources */ = {isa = PBXBuildFile; fileRef = 4BCC4FA623E43B3700623DDA /* GFBodyLabel.swift */; };
		4BCC4FA923E43C6600623DDA /* GFAlertViewController.swift in Sources */ = {isa = PBXBuildFile; fileRef = 4BCC4FA823E43C6600623DDA /* GFAlertViewController.swift */; };
		4BCC4FAB23E4447000623DDA /* UIViewController+Ext.swift in Sources */ = {isa = PBXBuildFile; fileRef = 4BCC4FAA23E4447000623DDA /* UIViewController+Ext.swift */; };
		4BF667C523E21BB8008C827C /* AppDelegate.swift in Sources */ = {isa = PBXBuildFile; fileRef = 4BF667C423E21BB8008C827C /* AppDelegate.swift */; };
		4BF667C723E21BB8008C827C /* SceneDelegate.swift in Sources */ = {isa = PBXBuildFile; fileRef = 4BF667C623E21BB8008C827C /* SceneDelegate.swift */; };
		4BF667CE23E21BB8008C827C /* Assets.xcassets in Resources */ = {isa = PBXBuildFile; fileRef = 4BF667CD23E21BB8008C827C /* Assets.xcassets */; };
		4BF667D123E21BB8008C827C /* LaunchScreen.storyboard in Resources */ = {isa = PBXBuildFile; fileRef = 4BF667CF23E21BB8008C827C /* LaunchScreen.storyboard */; };
/* End PBXBuildFile section */

/* Begin PBXFileReference section */
		4B38C06423E459BA0084E8DE /* Follower.swift */ = {isa = PBXFileReference; lastKnownFileType = sourcecode.swift; path = Follower.swift; sourceTree = "<group>"; };
		4B38C06623E45AD40084E8DE /* User.swift */ = {isa = PBXFileReference; lastKnownFileType = sourcecode.swift; path = User.swift; sourceTree = "<group>"; };
		4B38C06A23E462330084E8DE /* NetworkManager.swift */ = {isa = PBXFileReference; lastKnownFileType = sourcecode.swift; path = NetworkManager.swift; sourceTree = "<group>"; };
		4B38C06D23E46CDF0084E8DE /* GFError.swift */ = {isa = PBXFileReference; lastKnownFileType = sourcecode.swift; path = GFError.swift; sourceTree = "<group>"; };
		4B38C07023E473DC0084E8DE /* FollowerCollectionViewCell.swift */ = {isa = PBXFileReference; lastKnownFileType = sourcecode.swift; path = FollowerCollectionViewCell.swift; sourceTree = "<group>"; };
		4B38C07223E474C10084E8DE /* GFAvatarImageView.swift */ = {isa = PBXFileReference; lastKnownFileType = sourcecode.swift; path = GFAvatarImageView.swift; sourceTree = "<group>"; };
		4B38C07423E499890084E8DE /* UIHelper.swift */ = {isa = PBXFileReference; lastKnownFileType = sourcecode.swift; path = UIHelper.swift; sourceTree = "<group>"; };
		4B38C07C23E574AD0084E8DE /* GFEmptyStateView.swift */ = {isa = PBXFileReference; lastKnownFileType = sourcecode.swift; path = GFEmptyStateView.swift; sourceTree = "<group>"; };
		4B38C07E23E582210084E8DE /* UserInfoViewController.swift */ = {isa = PBXFileReference; lastKnownFileType = sourcecode.swift; path = UserInfoViewController.swift; sourceTree = "<group>"; };
		4B38C08023E5ADF10084E8DE /* GFUserInfoHeaderViewController.swift */ = {isa = PBXFileReference; lastKnownFileType = sourcecode.swift; path = GFUserInfoHeaderViewController.swift; sourceTree = "<group>"; };
		4B38C08223E5AE690084E8DE /* GFSecondaryTitleLabel.swift */ = {isa = PBXFileReference; lastKnownFileType = sourcecode.swift; path = GFSecondaryTitleLabel.swift; sourceTree = "<group>"; };
		4B38C08423E5B5970084E8DE /* Constants.swift */ = {isa = PBXFileReference; lastKnownFileType = sourcecode.swift; path = Constants.swift; sourceTree = "<group>"; };
		4BCC4F9A23E342A300623DDA /* SearchViewController.swift */ = {isa = PBXFileReference; lastKnownFileType = sourcecode.swift; path = SearchViewController.swift; sourceTree = "<group>"; };
		4BCC4F9C23E3431C00623DDA /* FavoritesListViewController.swift */ = {isa = PBXFileReference; lastKnownFileType = sourcecode.swift; path = FavoritesListViewController.swift; sourceTree = "<group>"; };
		4BCC4F9E23E34B0000623DDA /* GFButton.swift */ = {isa = PBXFileReference; lastKnownFileType = sourcecode.swift; path = GFButton.swift; sourceTree = "<group>"; };
		4BCC4FA023E34E0400623DDA /* GFTextField.swift */ = {isa = PBXFileReference; lastKnownFileType = sourcecode.swift; path = GFTextField.swift; sourceTree = "<group>"; };
		4BCC4FA223E41D5100623DDA /* FollowersListViewController.swift */ = {isa = PBXFileReference; lastKnownFileType = sourcecode.swift; path = FollowersListViewController.swift; sourceTree = "<group>"; };
		4BCC4FA423E4246000623DDA /* GFTitleLabel.swift */ = {isa = PBXFileReference; lastKnownFileType = sourcecode.swift; path = GFTitleLabel.swift; sourceTree = "<group>"; };
		4BCC4FA623E43B3700623DDA /* GFBodyLabel.swift */ = {isa = PBXFileReference; lastKnownFileType = sourcecode.swift; path = GFBodyLabel.swift; sourceTree = "<group>"; };
		4BCC4FA823E43C6600623DDA /* GFAlertViewController.swift */ = {isa = PBXFileReference; lastKnownFileType = sourcecode.swift; path = GFAlertViewController.swift; sourceTree = "<group>"; };
		4BCC4FAA23E4447000623DDA /* UIViewController+Ext.swift */ = {isa = PBXFileReference; lastKnownFileType = sourcecode.swift; path = "UIViewController+Ext.swift"; sourceTree = "<group>"; };
		4BF667C123E21BB8008C827C /* GHFollowers.app */ = {isa = PBXFileReference; explicitFileType = wrapper.application; includeInIndex = 0; path = GHFollowers.app; sourceTree = BUILT_PRODUCTS_DIR; };
		4BF667C423E21BB8008C827C /* AppDelegate.swift */ = {isa = PBXFileReference; lastKnownFileType = sourcecode.swift; path = AppDelegate.swift; sourceTree = "<group>"; };
		4BF667C623E21BB8008C827C /* SceneDelegate.swift */ = {isa = PBXFileReference; lastKnownFileType = sourcecode.swift; path = SceneDelegate.swift; sourceTree = "<group>"; };
		4BF667CD23E21BB8008C827C /* Assets.xcassets */ = {isa = PBXFileReference; lastKnownFileType = folder.assetcatalog; path = Assets.xcassets; sourceTree = "<group>"; };
		4BF667D023E21BB8008C827C /* Base */ = {isa = PBXFileReference; lastKnownFileType = file.storyboard; name = Base; path = Base.lproj/LaunchScreen.storyboard; sourceTree = "<group>"; };
		4BF667D223E21BB8008C827C /* Info.plist */ = {isa = PBXFileReference; lastKnownFileType = text.plist.xml; path = Info.plist; sourceTree = "<group>"; };
/* End PBXFileReference section */

/* Begin PBXFrameworksBuildPhase section */
		4BF667BE23E21BB8008C827C /* Frameworks */ = {
			isa = PBXFrameworksBuildPhase;
			buildActionMask = 2147483647;
			files = (
			);
			runOnlyForDeploymentPostprocessing = 0;
		};
/* End PBXFrameworksBuildPhase section */

/* Begin PBXGroup section */
		4B38C06323E4599F0084E8DE /* Models */ = {
			isa = PBXGroup;
			children = (
				4B38C06423E459BA0084E8DE /* Follower.swift */,
				4B38C06623E45AD40084E8DE /* User.swift */,
			);
			path = Models;
			sourceTree = "<group>";
		};
		4B38C06823E4620D0084E8DE /* Managers */ = {
			isa = PBXGroup;
			children = (
				4B38C06A23E462330084E8DE /* NetworkManager.swift */,
			);
			path = Managers;
			sourceTree = "<group>";
		};
		4B38C06C23E46CB50084E8DE /* Utilities */ = {
			isa = PBXGroup;
			children = (
				4B38C06D23E46CDF0084E8DE /* GFError.swift */,
				4B38C07423E499890084E8DE /* UIHelper.swift */,
				4B38C08423E5B5970084E8DE /* Constants.swift */,
			);
			path = Utilities;
			sourceTree = "<group>";
		};
		4B38C06F23E473A60084E8DE /* Cells */ = {
			isa = PBXGroup;
			children = (
				4B38C07023E473DC0084E8DE /* FollowerCollectionViewCell.swift */,
			);
			path = Cells;
			sourceTree = "<group>";
		};
		4B38C07623E574110084E8DE /* Views */ = {
			isa = PBXGroup;
			children = (
				4B38C07C23E574AD0084E8DE /* GFEmptyStateView.swift */,
			);
			path = Views;
			sourceTree = "<group>";
		};
		4B38C07723E5741A0084E8DE /* Buttons */ = {
			isa = PBXGroup;
			children = (
				4BCC4F9E23E34B0000623DDA /* GFButton.swift */,
			);
			path = Buttons;
			sourceTree = "<group>";
		};
		4B38C07823E574230084E8DE /* Text Fields */ = {
			isa = PBXGroup;
			children = (
				4BCC4FA023E34E0400623DDA /* GFTextField.swift */,
			);
			path = "Text Fields";
			sourceTree = "<group>";
		};
		4B38C07923E5742F0084E8DE /* Image Views */ = {
			isa = PBXGroup;
			children = (
				4B38C07223E474C10084E8DE /* GFAvatarImageView.swift */,
			);
			path = "Image Views";
			sourceTree = "<group>";
		};
		4B38C07A23E574440084E8DE /* View Controllers */ = {
			isa = PBXGroup;
			children = (
				4BCC4FA823E43C6600623DDA /* GFAlertViewController.swift */,
				4B38C08023E5ADF10084E8DE /* GFUserInfoHeaderViewController.swift */,
			);
			path = "View Controllers";
			sourceTree = "<group>";
		};
		4B38C07B23E574780084E8DE /* Labels */ = {
			isa = PBXGroup;
			children = (
				4BCC4FA423E4246000623DDA /* GFTitleLabel.swift */,
				4BCC4FA623E43B3700623DDA /* GFBodyLabel.swift */,
				4B38C08223E5AE690084E8DE /* GFSecondaryTitleLabel.swift */,
			);
			path = Labels;
			sourceTree = "<group>";
		};
		4BCC4FAC23E447DC00623DDA /* Screens */ = {
			isa = PBXGroup;
			children = (
				4BCC4F9A23E342A300623DDA /* SearchViewController.swift */,
				4BCC4F9C23E3431C00623DDA /* FavoritesListViewController.swift */,
				4BCC4FA223E41D5100623DDA /* FollowersListViewController.swift */,
				4B38C07E23E582210084E8DE /* UserInfoViewController.swift */,
			);
			path = Screens;
			sourceTree = "<group>";
		};
		4BCC4FAD23E44F9000623DDA /* Custom Views */ = {
			isa = PBXGroup;
			children = (
				4B38C07B23E574780084E8DE /* Labels */,
				4B38C07A23E574440084E8DE /* View Controllers */,
				4B38C07923E5742F0084E8DE /* Image Views */,
				4B38C07823E574230084E8DE /* Text Fields */,
				4B38C07723E5741A0084E8DE /* Buttons */,
				4B38C07623E574110084E8DE /* Views */,
				4B38C06F23E473A60084E8DE /* Cells */,
			);
			path = "Custom Views";
			sourceTree = "<group>";
		};
		4BCC4FAE23E4504C00623DDA /* Extensions */ = {
			isa = PBXGroup;
			children = (
				4BCC4FAA23E4447000623DDA /* UIViewController+Ext.swift */,
			);
			path = Extensions;
			sourceTree = "<group>";
		};
		4BCC4FAF23E4536700623DDA /* Support */ = {
			isa = PBXGroup;
			children = (
				4BF667C423E21BB8008C827C /* AppDelegate.swift */,
				4BF667C623E21BB8008C827C /* SceneDelegate.swift */,
				4BF667CD23E21BB8008C827C /* Assets.xcassets */,
				4BF667CF23E21BB8008C827C /* LaunchScreen.storyboard */,
				4BF667D223E21BB8008C827C /* Info.plist */,
			);
			path = Support;
			sourceTree = "<group>";
		};
		4BF667B823E21BB8008C827C = {
			isa = PBXGroup;
			children = (
				4BF667C323E21BB8008C827C /* GHFollowers */,
				4BF667C223E21BB8008C827C /* Products */,
			);
			sourceTree = "<group>";
		};
		4BF667C223E21BB8008C827C /* Products */ = {
			isa = PBXGroup;
			children = (
				4BF667C123E21BB8008C827C /* GHFollowers.app */,
			);
			name = Products;
			sourceTree = "<group>";
		};
		4BF667C323E21BB8008C827C /* GHFollowers */ = {
			isa = PBXGroup;
			children = (
				4B38C06C23E46CB50084E8DE /* Utilities */,
				4B38C06823E4620D0084E8DE /* Managers */,
				4B38C06323E4599F0084E8DE /* Models */,
				4BCC4FAF23E4536700623DDA /* Support */,
				4BCC4FAE23E4504C00623DDA /* Extensions */,
				4BCC4FAD23E44F9000623DDA /* Custom Views */,
				4BCC4FAC23E447DC00623DDA /* Screens */,
			);
			path = GHFollowers;
			sourceTree = "<group>";
		};
/* End PBXGroup section */

/* Begin PBXNativeTarget section */
		4BF667C023E21BB8008C827C /* GHFollowers */ = {
			isa = PBXNativeTarget;
			buildConfigurationList = 4BF667D523E21BB8008C827C /* Build configuration list for PBXNativeTarget "GHFollowers" */;
			buildPhases = (
				4BF667BD23E21BB8008C827C /* Sources */,
				4BF667BE23E21BB8008C827C /* Frameworks */,
				4BF667BF23E21BB8008C827C /* Resources */,
			);
			buildRules = (
			);
			dependencies = (
			);
			name = GHFollowers;
			productName = GHFollowers;
			productReference = 4BF667C123E21BB8008C827C /* GHFollowers.app */;
			productType = "com.apple.product-type.application";
		};
/* End PBXNativeTarget section */

/* Begin PBXProject section */
		4BF667B923E21BB8008C827C /* Project object */ = {
			isa = PBXProject;
			attributes = {
				LastSwiftUpdateCheck = 1130;
				LastUpgradeCheck = 1130;
				ORGANIZATIONNAME = "Abdulaziz AlObaili";
				TargetAttributes = {
					4BF667C023E21BB8008C827C = {
						CreatedOnToolsVersion = 11.3.1;
					};
				};
			};
			buildConfigurationList = 4BF667BC23E21BB8008C827C /* Build configuration list for PBXProject "GHFollowers" */;
			compatibilityVersion = "Xcode 9.3";
			developmentRegion = en;
			hasScannedForEncodings = 0;
			knownRegions = (
				en,
				Base,
			);
			mainGroup = 4BF667B823E21BB8008C827C;
			productRefGroup = 4BF667C223E21BB8008C827C /* Products */;
			projectDirPath = "";
			projectRoot = "";
			targets = (
				4BF667C023E21BB8008C827C /* GHFollowers */,
			);
		};
/* End PBXProject section */

/* Begin PBXResourcesBuildPhase section */
		4BF667BF23E21BB8008C827C /* Resources */ = {
			isa = PBXResourcesBuildPhase;
			buildActionMask = 2147483647;
			files = (
				4BF667D123E21BB8008C827C /* LaunchScreen.storyboard in Resources */,
				4BF667CE23E21BB8008C827C /* Assets.xcassets in Resources */,
			);
			runOnlyForDeploymentPostprocessing = 0;
		};
/* End PBXResourcesBuildPhase section */

/* Begin PBXSourcesBuildPhase section */
		4BF667BD23E21BB8008C827C /* Sources */ = {
			isa = PBXSourcesBuildPhase;
			buildActionMask = 2147483647;
			files = (
				4B38C06723E45AD40084E8DE /* User.swift in Sources */,
				4BCC4FA123E34E0400623DDA /* GFTextField.swift in Sources */,
				4BCC4F9B23E342A300623DDA /* SearchViewController.swift in Sources */,
				4BCC4F9F23E34B0000623DDA /* GFButton.swift in Sources */,
				4BCC4FAB23E4447000623DDA /* UIViewController+Ext.swift in Sources */,
				4B38C07523E499890084E8DE /* UIHelper.swift in Sources */,
				4B38C08523E5B5970084E8DE /* Constants.swift in Sources */,
				4B38C07323E474C10084E8DE /* GFAvatarImageView.swift in Sources */,
				4BCC4FA923E43C6600623DDA /* GFAlertViewController.swift in Sources */,
				4B38C08123E5ADF10084E8DE /* GFUserInfoHeaderViewController.swift in Sources */,
				4BCC4FA323E41D5100623DDA /* FollowersListViewController.swift in Sources */,
				4B38C06E23E46CDF0084E8DE /* GFError.swift in Sources */,
				4B38C07123E473DC0084E8DE /* FollowerCollectionViewCell.swift in Sources */,
				4BCC4FA723E43B3700623DDA /* GFBodyLabel.swift in Sources */,
				4B38C06523E459BA0084E8DE /* Follower.swift in Sources */,
				4BCC4FA523E4246000623DDA /* GFTitleLabel.swift in Sources */,
				4B38C08323E5AE690084E8DE /* GFSecondaryTitleLabel.swift in Sources */,
				4B38C07D23E574AD0084E8DE /* GFEmptyStateView.swift in Sources */,
				4B38C06B23E462330084E8DE /* NetworkManager.swift in Sources */,
				4BF667C523E21BB8008C827C /* AppDelegate.swift in Sources */,
				4B38C07F23E582210084E8DE /* UserInfoViewController.swift in Sources */,
				4BCC4F9D23E3431C00623DDA /* FavoritesListViewController.swift in Sources */,
				4BF667C723E21BB8008C827C /* SceneDelegate.swift in Sources */,
			);
			runOnlyForDeploymentPostprocessing = 0;
		};
/* End PBXSourcesBuildPhase section */

/* Begin PBXVariantGroup section */
		4BF667CF23E21BB8008C827C /* LaunchScreen.storyboard */ = {
			isa = PBXVariantGroup;
			children = (
				4BF667D023E21BB8008C827C /* Base */,
			);
			name = LaunchScreen.storyboard;
			sourceTree = "<group>";
		};
/* End PBXVariantGroup section */

/* Begin XCBuildConfiguration section */
		4BF667D323E21BB8008C827C /* Debug */ = {
			isa = XCBuildConfiguration;
			buildSettings = {
				ALWAYS_SEARCH_USER_PATHS = NO;
				CLANG_ANALYZER_NONNULL = YES;
				CLANG_ANALYZER_NUMBER_OBJECT_CONVERSION = YES_AGGRESSIVE;
				CLANG_CXX_LANGUAGE_STANDARD = "gnu++14";
				CLANG_CXX_LIBRARY = "libc++";
				CLANG_ENABLE_MODULES = YES;
				CLANG_ENABLE_OBJC_ARC = YES;
				CLANG_ENABLE_OBJC_WEAK = YES;
				CLANG_WARN_BLOCK_CAPTURE_AUTORELEASING = YES;
				CLANG_WARN_BOOL_CONVERSION = YES;
				CLANG_WARN_COMMA = YES;
				CLANG_WARN_CONSTANT_CONVERSION = YES;
				CLANG_WARN_DEPRECATED_OBJC_IMPLEMENTATIONS = YES;
				CLANG_WARN_DIRECT_OBJC_ISA_USAGE = YES_ERROR;
				CLANG_WARN_DOCUMENTATION_COMMENTS = YES;
				CLANG_WARN_EMPTY_BODY = YES;
				CLANG_WARN_ENUM_CONVERSION = YES;
				CLANG_WARN_INFINITE_RECURSION = YES;
				CLANG_WARN_INT_CONVERSION = YES;
				CLANG_WARN_NON_LITERAL_NULL_CONVERSION = YES;
				CLANG_WARN_OBJC_IMPLICIT_RETAIN_SELF = YES;
				CLANG_WARN_OBJC_LITERAL_CONVERSION = YES;
				CLANG_WARN_OBJC_ROOT_CLASS = YES_ERROR;
				CLANG_WARN_RANGE_LOOP_ANALYSIS = YES;
				CLANG_WARN_STRICT_PROTOTYPES = YES;
				CLANG_WARN_SUSPICIOUS_MOVE = YES;
				CLANG_WARN_UNGUARDED_AVAILABILITY = YES_AGGRESSIVE;
				CLANG_WARN_UNREACHABLE_CODE = YES;
				CLANG_WARN__DUPLICATE_METHOD_MATCH = YES;
				COPY_PHASE_STRIP = NO;
				DEBUG_INFORMATION_FORMAT = dwarf;
				ENABLE_STRICT_OBJC_MSGSEND = YES;
				ENABLE_TESTABILITY = YES;
				GCC_C_LANGUAGE_STANDARD = gnu11;
				GCC_DYNAMIC_NO_PIC = NO;
				GCC_NO_COMMON_BLOCKS = YES;
				GCC_OPTIMIZATION_LEVEL = 0;
				GCC_PREPROCESSOR_DEFINITIONS = (
					"DEBUG=1",
					"$(inherited)",
				);
				GCC_WARN_64_TO_32_BIT_CONVERSION = YES;
				GCC_WARN_ABOUT_RETURN_TYPE = YES_ERROR;
				GCC_WARN_UNDECLARED_SELECTOR = YES;
				GCC_WARN_UNINITIALIZED_AUTOS = YES_AGGRESSIVE;
				GCC_WARN_UNUSED_FUNCTION = YES;
				GCC_WARN_UNUSED_VARIABLE = YES;
				IPHONEOS_DEPLOYMENT_TARGET = 13.2;
				MTL_ENABLE_DEBUG_INFO = INCLUDE_SOURCE;
				MTL_FAST_MATH = YES;
				ONLY_ACTIVE_ARCH = YES;
				SDKROOT = iphoneos;
				SWIFT_ACTIVE_COMPILATION_CONDITIONS = DEBUG;
				SWIFT_OPTIMIZATION_LEVEL = "-Onone";
			};
			name = Debug;
		};
		4BF667D423E21BB8008C827C /* Release */ = {
			isa = XCBuildConfiguration;
			buildSettings = {
				ALWAYS_SEARCH_USER_PATHS = NO;
				CLANG_ANALYZER_NONNULL = YES;
				CLANG_ANALYZER_NUMBER_OBJECT_CONVERSION = YES_AGGRESSIVE;
				CLANG_CXX_LANGUAGE_STANDARD = "gnu++14";
				CLANG_CXX_LIBRARY = "libc++";
				CLANG_ENABLE_MODULES = YES;
				CLANG_ENABLE_OBJC_ARC = YES;
				CLANG_ENABLE_OBJC_WEAK = YES;
				CLANG_WARN_BLOCK_CAPTURE_AUTORELEASING = YES;
				CLANG_WARN_BOOL_CONVERSION = YES;
				CLANG_WARN_COMMA = YES;
				CLANG_WARN_CONSTANT_CONVERSION = YES;
				CLANG_WARN_DEPRECATED_OBJC_IMPLEMENTATIONS = YES;
				CLANG_WARN_DIRECT_OBJC_ISA_USAGE = YES_ERROR;
				CLANG_WARN_DOCUMENTATION_COMMENTS = YES;
				CLANG_WARN_EMPTY_BODY = YES;
				CLANG_WARN_ENUM_CONVERSION = YES;
				CLANG_WARN_INFINITE_RECURSION = YES;
				CLANG_WARN_INT_CONVERSION = YES;
				CLANG_WARN_NON_LITERAL_NULL_CONVERSION = YES;
				CLANG_WARN_OBJC_IMPLICIT_RETAIN_SELF = YES;
				CLANG_WARN_OBJC_LITERAL_CONVERSION = YES;
				CLANG_WARN_OBJC_ROOT_CLASS = YES_ERROR;
				CLANG_WARN_RANGE_LOOP_ANALYSIS = YES;
				CLANG_WARN_STRICT_PROTOTYPES = YES;
				CLANG_WARN_SUSPICIOUS_MOVE = YES;
				CLANG_WARN_UNGUARDED_AVAILABILITY = YES_AGGRESSIVE;
				CLANG_WARN_UNREACHABLE_CODE = YES;
				CLANG_WARN__DUPLICATE_METHOD_MATCH = YES;
				COPY_PHASE_STRIP = NO;
				DEBUG_INFORMATION_FORMAT = "dwarf-with-dsym";
				ENABLE_NS_ASSERTIONS = NO;
				ENABLE_STRICT_OBJC_MSGSEND = YES;
				GCC_C_LANGUAGE_STANDARD = gnu11;
				GCC_NO_COMMON_BLOCKS = YES;
				GCC_WARN_64_TO_32_BIT_CONVERSION = YES;
				GCC_WARN_ABOUT_RETURN_TYPE = YES_ERROR;
				GCC_WARN_UNDECLARED_SELECTOR = YES;
				GCC_WARN_UNINITIALIZED_AUTOS = YES_AGGRESSIVE;
				GCC_WARN_UNUSED_FUNCTION = YES;
				GCC_WARN_UNUSED_VARIABLE = YES;
				IPHONEOS_DEPLOYMENT_TARGET = 13.2;
				MTL_ENABLE_DEBUG_INFO = NO;
				MTL_FAST_MATH = YES;
				SDKROOT = iphoneos;
				SWIFT_COMPILATION_MODE = wholemodule;
				SWIFT_OPTIMIZATION_LEVEL = "-O";
				VALIDATE_PRODUCT = YES;
			};
			name = Release;
		};
		4BF667D623E21BB8008C827C /* Debug */ = {
			isa = XCBuildConfiguration;
			buildSettings = {
				ASSETCATALOG_COMPILER_APPICON_NAME = AppIcon;
				CODE_SIGN_STYLE = Automatic;
				DEVELOPMENT_TEAM = NCT5DLQUJC;
				INFOPLIST_FILE = GHFollowers/Support/Info.plist;
				LD_RUNPATH_SEARCH_PATHS = (
					"$(inherited)",
					"@executable_path/Frameworks",
				);
				PRODUCT_BUNDLE_IDENTIFIER = com.alobaili.GHFollowers;
				PRODUCT_NAME = "$(TARGET_NAME)";
				SWIFT_VERSION = 5.0;
				TARGETED_DEVICE_FAMILY = 1;
			};
			name = Debug;
		};
		4BF667D723E21BB8008C827C /* Release */ = {
			isa = XCBuildConfiguration;
			buildSettings = {
				ASSETCATALOG_COMPILER_APPICON_NAME = AppIcon;
				CODE_SIGN_STYLE = Automatic;
				DEVELOPMENT_TEAM = NCT5DLQUJC;
				INFOPLIST_FILE = GHFollowers/Support/Info.plist;
				LD_RUNPATH_SEARCH_PATHS = (
					"$(inherited)",
					"@executable_path/Frameworks",
				);
				PRODUCT_BUNDLE_IDENTIFIER = com.alobaili.GHFollowers;
				PRODUCT_NAME = "$(TARGET_NAME)";
				SWIFT_VERSION = 5.0;
				TARGETED_DEVICE_FAMILY = 1;
			};
			name = Release;
		};
/* End XCBuildConfiguration section */

/* Begin XCConfigurationList section */
		4BF667BC23E21BB8008C827C /* Build configuration list for PBXProject "GHFollowers" */ = {
			isa = XCConfigurationList;
			buildConfigurations = (
				4BF667D323E21BB8008C827C /* Debug */,
				4BF667D423E21BB8008C827C /* Release */,
			);
			defaultConfigurationIsVisible = 0;
			defaultConfigurationName = Release;
		};
		4BF667D523E21BB8008C827C /* Build configuration list for PBXNativeTarget "GHFollowers" */ = {
			isa = XCConfigurationList;
			buildConfigurations = (
				4BF667D623E21BB8008C827C /* Debug */,
				4BF667D723E21BB8008C827C /* Release */,
			);
			defaultConfigurationIsVisible = 0;
			defaultConfigurationName = Release;
		};
/* End XCConfigurationList section */
	};
	rootObject = 4BF667B923E21BB8008C827C /* Project object */;
}
